{
  "name": "servicemanager",
  "version": "1.0.0",
  "lockfileVersion": 3,
  "requires": true,
  "packages": {
    "": {
      "name": "servicemanager",
      "version": "1.0.0",
      "license": "ISC",
      "dependencies": {
        "apiGateway": "file:../ApiGateway",
        "databaseService": "file:../databaseService",
        "listings": "file:../Listings",
        "logger": "file:../logger"
      },
      "devDependencies": {
        "typescript": "^5.2.2"
      }
    },
    "../ApiGateway": {
      "name": "backend",
      "version": "1.0.0",
      "license": "ISC",
      "dependencies": {
        "http-proxy": "^1.18.1",
        "logger": "../logger",
        "ts-node": "^10.9.1"
      },
      "devDependencies": {
        "@types/http-proxy": "^1.17.13",
        "@types/node": "^20.8.7",
        "typescript": "^5.2.2"
      }
    },
    "../databaseService": {
      "name": "databaseservice",
      "version": "1.0.0",
      "license": "ISC",
      "dependencies": {
        "dockerode": "^4.0.0",
        "logger": "../logger",
        "mongodb": "^6.2.0"
      },
      "devDependencies": {
        "@types/dockerode": "^3.3.21",
        "@types/node": "^20.8.9",
        "estate-utils": "file:../utils",
        "ts-node": "^10.9.1",
        "typescript": "^5.2.2"
      }
    },
    "../Listings": {
      "name": "listings",
      "version": "1.0.0",
      "license": "ISC",
      "dependencies": {
        "http-proxy": "^1.18.1",
        "logger": "file:../logger"
      },
      "devDependencies": {
        "@types/http-proxy": "^1.17.13",
        "@types/node": "^20.8.8",
        "typescript": "^5.2.2"
      }
    },
    "../logger": {
      "version": "1.0.0",
      "license": "ISC",
      "dependencies": {
        "chalk": "^4.1.2"
      },
      "devDependencies": {
        "@types/node": "^20.8.8",
        "typescript": "^5.2.2"
      }
    },
    "node_modules/apiGateway": {
      "resolved": "../ApiGateway",
      "link": true
    },
    "node_modules/databaseService": {
      "resolved": "../databaseService",
      "link": true
    },
    "node_modules/listings": {
      "resolved": "../Listings",
      "link": true
    },
    "node_modules/logger": {
      "resolved": "../logger",
      "link": true
    },
    "node_modules/typescript": {
      "version": "5.2.2",
      "resolved": "https://registry.npmjs.org/typescript/-/typescript-5.2.2.tgz",
      "integrity": "sha512-mI4WrpHsbCIcwT9cF4FZvr80QUeKvsUsUvKDoR+X/7XHQH98xYD8YHZg7ANtz2GtZt/CBq2QJ0thkGJMHfqc1w==",
      "dev": true,
      "bin": {
        "tsc": "bin/tsc",
        "tsserver": "bin/tsserver"
      },
      "engines": {
        "node": ">=14.17"
      }
    }
  }
}
